// !$*UTF8*$!
{
	archiveVersion = 1;
	classes = {
	};
	objectVersion = 52;
	objects = {

/* Begin PBXBuildFile section */
		21C0E34125E8D2F10015C609 /* sk2App.swift in Sources */ = {isa = PBXBuildFile; fileRef = 21C0E34025E8D2F10015C609 /* sk2App.swift */; };
		21C0E34525E8D2F30015C609 /* Assets.xcassets in Resources */ = {isa = PBXBuildFile; fileRef = 21C0E34425E8D2F30015C609 /* Assets.xcassets */; };
		21C0E34825E8D2F30015C609 /* Preview Assets.xcassets in Resources */ = {isa = PBXBuildFile; fileRef = 21C0E34725E8D2F30015C609 /* Preview Assets.xcassets */; };
		21C0E35225E8D6530015C609 /* SplashView.swift in Sources */ = {isa = PBXBuildFile; fileRef = 21C0E35125E8D6530015C609 /* SplashView.swift */; };
		21C0E35625E8D6950015C609 /* WebPrivacyView.swift in Sources */ = {isa = PBXBuildFile; fileRef = 21C0E35525E8D6950015C609 /* WebPrivacyView.swift */; };
		21C0E35925E8D6C20015C609 /* AttendSender.swift in Sources */ = {isa = PBXBuildFile; fileRef = 21C0E35825E8D6C20015C609 /* AttendSender.swift */; };
		21C0E35C25E8D6F20015C609 /* Sk2Connector.swift in Sources */ = {isa = PBXBuildFile; fileRef = 21C0E35B25E8D6F20015C609 /* Sk2Connector.swift */; };
		21C0E35F25E8D70F0015C609 /* LoginAuthenticatior.swift in Sources */ = {isa = PBXBuildFile; fileRef = 21C0E35E25E8D70F0015C609 /* LoginAuthenticatior.swift */; };
		21C0E36225E8D7420015C609 /* LoginView.swift in Sources */ = {isa = PBXBuildFile; fileRef = 21C0E36125E8D7420015C609 /* LoginView.swift */; };
		21C0E36625E8D7F10015C609 /* KeyboardObserving in Frameworks */ = {isa = PBXBuildFile; productRef = 21C0E36525E8D7F10015C609 /* KeyboardObserving */; };
		21C0E36D25E8D8A40015C609 /* dataStruct.swift in Sources */ = {isa = PBXBuildFile; fileRef = 21C0E36C25E8D8A40015C609 /* dataStruct.swift */; };
		21C0E37025E8D8D30015C609 /* ClScanner.swift in Sources */ = {isa = PBXBuildFile; fileRef = 21C0E36F25E8D8D30015C609 /* ClScanner.swift */; };
		21C0E37325E8D8E50015C609 /* ClScanner_CLextension.swift in Sources */ = {isa = PBXBuildFile; fileRef = 21C0E37225E8D8E50015C609 /* ClScanner_CLextension.swift */; };
		21C0E37625E8D95F0015C609 /* PopupView.swift in Sources */ = {isa = PBXBuildFile; fileRef = 21C0E37525E8D95F0015C609 /* PopupView.swift */; };
		21C0E37925E8D9840015C609 /* MainView.swift in Sources */ = {isa = PBXBuildFile; fileRef = 21C0E37825E8D9840015C609 /* MainView.swift */; };
		21C0E37D25E8DD6F0015C609 /* NetworkExtension.framework in Frameworks */ = {isa = PBXBuildFile; fileRef = 21C0E37C25E8DD6F0015C609 /* NetworkExtension.framework */; };
/* End PBXBuildFile section */

/* Begin PBXFileReference section */
		21C0E33D25E8D2F10015C609 /* sk2.app */ = {isa = PBXFileReference; explicitFileType = wrapper.application; includeInIndex = 0; path = sk2.app; sourceTree = BUILT_PRODUCTS_DIR; };
		21C0E34025E8D2F10015C609 /* sk2App.swift */ = {isa = PBXFileReference; lastKnownFileType = sourcecode.swift; path = sk2App.swift; sourceTree = "<group>"; };
		21C0E34425E8D2F30015C609 /* Assets.xcassets */ = {isa = PBXFileReference; lastKnownFileType = folder.assetcatalog; path = Assets.xcassets; sourceTree = "<group>"; };
		21C0E34725E8D2F30015C609 /* Preview Assets.xcassets */ = {isa = PBXFileReference; lastKnownFileType = folder.assetcatalog; path = "Preview Assets.xcassets"; sourceTree = "<group>"; };
		21C0E34925E8D2F30015C609 /* Info.plist */ = {isa = PBXFileReference; lastKnownFileType = text.plist.xml; path = Info.plist; sourceTree = "<group>"; };
		21C0E35125E8D6530015C609 /* SplashView.swift */ = {isa = PBXFileReference; lastKnownFileType = sourcecode.swift; path = SplashView.swift; sourceTree = "<group>"; };
		21C0E35525E8D6950015C609 /* WebPrivacyView.swift */ = {isa = PBXFileReference; lastKnownFileType = sourcecode.swift; path = WebPrivacyView.swift; sourceTree = "<group>"; };
		21C0E35825E8D6C20015C609 /* AttendSender.swift */ = {isa = PBXFileReference; lastKnownFileType = sourcecode.swift; path = AttendSender.swift; sourceTree = "<group>"; };
		21C0E35B25E8D6F20015C609 /* Sk2Connector.swift */ = {isa = PBXFileReference; lastKnownFileType = sourcecode.swift; path = Sk2Connector.swift; sourceTree = "<group>"; };
		21C0E35E25E8D70F0015C609 /* LoginAuthenticatior.swift */ = {isa = PBXFileReference; lastKnownFileType = sourcecode.swift; path = LoginAuthenticatior.swift; sourceTree = "<group>"; };
		21C0E36125E8D7420015C609 /* LoginView.swift */ = {isa = PBXFileReference; lastKnownFileType = sourcecode.swift; path = LoginView.swift; sourceTree = "<group>"; };
		21C0E36C25E8D8A40015C609 /* dataStruct.swift */ = {isa = PBXFileReference; lastKnownFileType = sourcecode.swift; path = dataStruct.swift; sourceTree = "<group>"; };
		21C0E36F25E8D8D30015C609 /* ClScanner.swift */ = {isa = PBXFileReference; lastKnownFileType = sourcecode.swift; path = ClScanner.swift; sourceTree = "<group>"; };
		21C0E37225E8D8E50015C609 /* ClScanner_CLextension.swift */ = {isa = PBXFileReference; lastKnownFileType = sourcecode.swift; path = ClScanner_CLextension.swift; sourceTree = "<group>"; };
		21C0E37525E8D95F0015C609 /* PopupView.swift */ = {isa = PBXFileReference; lastKnownFileType = sourcecode.swift; path = PopupView.swift; sourceTree = "<group>"; };
		21C0E37825E8D9840015C609 /* MainView.swift */ = {isa = PBXFileReference; lastKnownFileType = sourcecode.swift; path = MainView.swift; sourceTree = "<group>"; };
		21C0E37C25E8DD6F0015C609 /* NetworkExtension.framework */ = {isa = PBXFileReference; lastKnownFileType = wrapper.framework; name = NetworkExtension.framework; path = System/Library/Frameworks/NetworkExtension.framework; sourceTree = SDKROOT; };
/* End PBXFileReference section */

/* Begin PBXFrameworksBuildPhase section */
		21C0E33A25E8D2F10015C609 /* Frameworks */ = {
			isa = PBXFrameworksBuildPhase;
			buildActionMask = 2147483647;
			files = (
				21C0E37D25E8DD6F0015C609 /* NetworkExtension.framework in Frameworks */,
				21C0E36625E8D7F10015C609 /* KeyboardObserving in Frameworks */,
			);
			runOnlyForDeploymentPostprocessing = 0;
		};
/* End PBXFrameworksBuildPhase section */

/* Begin PBXGroup section */
		21C0E33425E8D2F10015C609 = {
			isa = PBXGroup;
			children = (
				21C0E33F25E8D2F10015C609 /* sk2 */,
				21C0E33E25E8D2F10015C609 /* Products */,
				21C0E37B25E8DD6F0015C609 /* Frameworks */,
			);
			sourceTree = "<group>";
		};
		21C0E33E25E8D2F10015C609 /* Products */ = {
			isa = PBXGroup;
			children = (
				21C0E33D25E8D2F10015C609 /* sk2.app */,
			);
			name = Products;
			sourceTree = "<group>";
		};
		21C0E33F25E8D2F10015C609 /* sk2 */ = {
			isa = PBXGroup;
			children = (
				21C0E34025E8D2F10015C609 /* sk2App.swift */,
				21C0E34425E8D2F30015C609 /* Assets.xcassets */,
				21C0E34925E8D2F30015C609 /* Info.plist */,
				21C0E34625E8D2F30015C609 /* Preview Content */,
				21C0E35125E8D6530015C609 /* SplashView.swift */,
				21C0E35525E8D6950015C609 /* WebPrivacyView.swift */,
				21C0E35825E8D6C20015C609 /* AttendSender.swift */,
				21C0E35B25E8D6F20015C609 /* Sk2Connector.swift */,
				21C0E35E25E8D70F0015C609 /* LoginAuthenticatior.swift */,
				21C0E36125E8D7420015C609 /* LoginView.swift */,
				21C0E36C25E8D8A40015C609 /* dataStruct.swift */,
				21C0E36F25E8D8D30015C609 /* ClScanner.swift */,
				21C0E37225E8D8E50015C609 /* ClScanner_CLextension.swift */,
				21C0E37525E8D95F0015C609 /* PopupView.swift */,
				21C0E37825E8D9840015C609 /* MainView.swift */,
			);
			path = sk2;
			sourceTree = "<group>";
		};
		21C0E34625E8D2F30015C609 /* Preview Content */ = {
			isa = PBXGroup;
			children = (
				21C0E34725E8D2F30015C609 /* Preview Assets.xcassets */,
			);
			path = "Preview Content";
			sourceTree = "<group>";
		};
		21C0E37B25E8DD6F0015C609 /* Frameworks */ = {
			isa = PBXGroup;
			children = (
				21C0E37C25E8DD6F0015C609 /* NetworkExtension.framework */,
			);
			name = Frameworks;
			sourceTree = "<group>";
		};
/* End PBXGroup section */

/* Begin PBXNativeTarget section */
		21C0E33C25E8D2F10015C609 /* sk2 */ = {
			isa = PBXNativeTarget;
			buildConfigurationList = 21C0E34C25E8D2F30015C609 /* Build configuration list for PBXNativeTarget "sk2" */;
			buildPhases = (
				21C0E33925E8D2F10015C609 /* Sources */,
				21C0E33A25E8D2F10015C609 /* Frameworks */,
				21C0E33B25E8D2F10015C609 /* Resources */,
			);
			buildRules = (
			);
			dependencies = (
			);
			name = sk2;
			packageProductDependencies = (
				21C0E36525E8D7F10015C609 /* KeyboardObserving */,
			);
			productName = sk2;
			productReference = 21C0E33D25E8D2F10015C609 /* sk2.app */;
			productType = "com.apple.product-type.application";
		};
/* End PBXNativeTarget section */

/* Begin PBXProject section */
		21C0E33525E8D2F10015C609 /* Project object */ = {
			isa = PBXProject;
			attributes = {
				LastSwiftUpdateCheck = 1240;
				LastUpgradeCheck = 1240;
				TargetAttributes = {
					21C0E33C25E8D2F10015C609 = {
						CreatedOnToolsVersion = 12.4;
					};
				};
			};
			buildConfigurationList = 21C0E33825E8D2F10015C609 /* Build configuration list for PBXProject "sk2" */;
			compatibilityVersion = "Xcode 9.3";
			developmentRegion = en;
			hasScannedForEncodings = 0;
			knownRegions = (
				en,
				Base,
			);
			mainGroup = 21C0E33425E8D2F10015C609;
			packageReferences = (
				21C0E36425E8D7F10015C609 /* XCRemoteSwiftPackageReference "KeyboardObserving" */,
			);
			productRefGroup = 21C0E33E25E8D2F10015C609 /* Products */;
			projectDirPath = "";
			projectRoot = "";
			targets = (
				21C0E33C25E8D2F10015C609 /* sk2 */,
			);
		};
/* End PBXProject section */

/* Begin PBXResourcesBuildPhase section */
		21C0E33B25E8D2F10015C609 /* Resources */ = {
			isa = PBXResourcesBuildPhase;
			buildActionMask = 2147483647;
			files = (
				21C0E34825E8D2F30015C609 /* Preview Assets.xcassets in Resources */,
				21C0E34525E8D2F30015C609 /* Assets.xcassets in Resources */,
			);
			runOnlyForDeploymentPostprocessing = 0;
		};
/* End PBXResourcesBuildPhase section */

/* Begin PBXSourcesBuildPhase section */
		21C0E33925E8D2F10015C609 /* Sources */ = {
			isa = PBXSourcesBuildPhase;
			buildActionMask = 2147483647;
			files = (
				21C0E36D25E8D8A40015C609 /* dataStruct.swift in Sources */,
				21C0E37925E8D9840015C609 /* MainView.swift in Sources */,
				21C0E35C25E8D6F20015C609 /* Sk2Connector.swift in Sources */,
				21C0E34125E8D2F10015C609 /* sk2App.swift in Sources */,
				21C0E35625E8D6950015C609 /* WebPrivacyView.swift in Sources */,
				21C0E37325E8D8E50015C609 /* ClScanner_CLextension.swift in Sources */,
				21C0E35925E8D6C20015C609 /* AttendSender.swift in Sources */,
				21C0E35F25E8D70F0015C609 /* LoginAuthenticatior.swift in Sources */,
				21C0E37025E8D8D30015C609 /* ClScanner.swift in Sources */,
				21C0E37625E8D95F0015C609 /* PopupView.swift in Sources */,
				21C0E36225E8D7420015C609 /* LoginView.swift in Sources */,
				21C0E35225E8D6530015C609 /* SplashView.swift in Sources */,
			);
			runOnlyForDeploymentPostprocessing = 0;
		};
/* End PBXSourcesBuildPhase section */

/* Begin XCBuildConfiguration section */
		21C0E34A25E8D2F30015C609 /* Debug */ = {
			isa = XCBuildConfiguration;
			buildSettings = {
				ALWAYS_SEARCH_USER_PATHS = NO;
				CLANG_ANALYZER_NONNULL = YES;
				CLANG_ANALYZER_NUMBER_OBJECT_CONVERSION = YES_AGGRESSIVE;
				CLANG_CXX_LANGUAGE_STANDARD = "gnu++14";
				CLANG_CXX_LIBRARY = "libc++";
				CLANG_ENABLE_MODULES = YES;
				CLANG_ENABLE_OBJC_ARC = YES;
				CLANG_ENABLE_OBJC_WEAK = YES;
				CLANG_WARN_BLOCK_CAPTURE_AUTORELEASING = YES;
				CLANG_WARN_BOOL_CONVERSION = YES;
				CLANG_WARN_COMMA = YES;
				CLANG_WARN_CONSTANT_CONVERSION = YES;
				CLANG_WARN_DEPRECATED_OBJC_IMPLEMENTATIONS = YES;
				CLANG_WARN_DIRECT_OBJC_ISA_USAGE = YES_ERROR;
				CLANG_WARN_DOCUMENTATION_COMMENTS = YES;
				CLANG_WARN_EMPTY_BODY = YES;
				CLANG_WARN_ENUM_CONVERSION = YES;
				CLANG_WARN_INFINITE_RECURSION = YES;
				CLANG_WARN_INT_CONVERSION = YES;
				CLANG_WARN_NON_LITERAL_NULL_CONVERSION = YES;
				CLANG_WARN_OBJC_IMPLICIT_RETAIN_SELF = YES;
				CLANG_WARN_OBJC_LITERAL_CONVERSION = YES;
				CLANG_WARN_OBJC_ROOT_CLASS = YES_ERROR;
				CLANG_WARN_QUOTED_INCLUDE_IN_FRAMEWORK_HEADER = YES;
				CLANG_WARN_RANGE_LOOP_ANALYSIS = YES;
				CLANG_WARN_STRICT_PROTOTYPES = YES;
				CLANG_WARN_SUSPICIOUS_MOVE = YES;
				CLANG_WARN_UNGUARDED_AVAILABILITY = YES_AGGRESSIVE;
				CLANG_WARN_UNREACHABLE_CODE = YES;
				CLANG_WARN__DUPLICATE_METHOD_MATCH = YES;
				COPY_PHASE_STRIP = NO;
				DEBUG_INFORMATION_FORMAT = dwarf;
				ENABLE_STRICT_OBJC_MSGSEND = YES;
				ENABLE_TESTABILITY = YES;
				GCC_C_LANGUAGE_STANDARD = gnu11;
				GCC_DYNAMIC_NO_PIC = NO;
				GCC_NO_COMMON_BLOCKS = YES;
				GCC_OPTIMIZATION_LEVEL = 0;
				GCC_PREPROCESSOR_DEFINITIONS = "$(inherited)";
				GCC_WARN_64_TO_32_BIT_CONVERSION = YES;
				GCC_WARN_ABOUT_RETURN_TYPE = YES_ERROR;
				GCC_WARN_UNDECLARED_SELECTOR = YES;
				GCC_WARN_UNINITIALIZED_AUTOS = YES_AGGRESSIVE;
				GCC_WARN_UNUSED_FUNCTION = YES;
				GCC_WARN_UNUSED_VARIABLE = YES;
				IPHONEOS_DEPLOYMENT_TARGET = 14.4;
				MTL_ENABLE_DEBUG_INFO = INCLUDE_SOURCE;
				MTL_FAST_MATH = YES;
				ONLY_ACTIVE_ARCH = YES;
				SDKROOT = iphoneos;
				SWIFT_ACTIVE_COMPILATION_CONDITIONS = "";
				SWIFT_OPTIMIZATION_LEVEL = "-Onone";
			};
			name = Debug;
		};
		21C0E34B25E8D2F30015C609 /* Release */ = {
			isa = XCBuildConfiguration;
			buildSettings = {
				ALWAYS_SEARCH_USER_PATHS = NO;
				CLANG_ANALYZER_NONNULL = YES;
				CLANG_ANALYZER_NUMBER_OBJECT_CONVERSION = YES_AGGRESSIVE;
				CLANG_CXX_LANGUAGE_STANDARD = "gnu++14";
				CLANG_CXX_LIBRARY = "libc++";
				CLANG_ENABLE_MODULES = YES;
				CLANG_ENABLE_OBJC_ARC = YES;
				CLANG_ENABLE_OBJC_WEAK = YES;
				CLANG_WARN_BLOCK_CAPTURE_AUTORELEASING = YES;
				CLANG_WARN_BOOL_CONVERSION = YES;
				CLANG_WARN_COMMA = YES;
				CLANG_WARN_CONSTANT_CONVERSION = YES;
				CLANG_WARN_DEPRECATED_OBJC_IMPLEMENTATIONS = YES;
				CLANG_WARN_DIRECT_OBJC_ISA_USAGE = YES_ERROR;
				CLANG_WARN_DOCUMENTATION_COMMENTS = YES;
				CLANG_WARN_EMPTY_BODY = YES;
				CLANG_WARN_ENUM_CONVERSION = YES;
				CLANG_WARN_INFINITE_RECURSION = YES;
				CLANG_WARN_INT_CONVERSION = YES;
				CLANG_WARN_NON_LITERAL_NULL_CONVERSION = YES;
				CLANG_WARN_OBJC_IMPLICIT_RETAIN_SELF = YES;
				CLANG_WARN_OBJC_LITERAL_CONVERSION = YES;
				CLANG_WARN_OBJC_ROOT_CLASS = YES_ERROR;
				CLANG_WARN_QUOTED_INCLUDE_IN_FRAMEWORK_HEADER = YES;
				CLANG_WARN_RANGE_LOOP_ANALYSIS = YES;
				CLANG_WARN_STRICT_PROTOTYPES = YES;
				CLANG_WARN_SUSPICIOUS_MOVE = YES;
				CLANG_WARN_UNGUARDED_AVAILABILITY = YES_AGGRESSIVE;
				CLANG_WARN_UNREACHABLE_CODE = YES;
				CLANG_WARN__DUPLICATE_METHOD_MATCH = YES;
				COPY_PHASE_STRIP = NO;
				DEBUG_INFORMATION_FORMAT = "dwarf-with-dsym";
				ENABLE_NS_ASSERTIONS = NO;
				ENABLE_STRICT_OBJC_MSGSEND = YES;
				GCC_C_LANGUAGE_STANDARD = gnu11;
				GCC_NO_COMMON_BLOCKS = YES;
				GCC_WARN_64_TO_32_BIT_CONVERSION = YES;
				GCC_WARN_ABOUT_RETURN_TYPE = YES_ERROR;
				GCC_WARN_UNDECLARED_SELECTOR = YES;
				GCC_WARN_UNINITIALIZED_AUTOS = YES_AGGRESSIVE;
				GCC_WARN_UNUSED_FUNCTION = YES;
				GCC_WARN_UNUSED_VARIABLE = YES;
				IPHONEOS_DEPLOYMENT_TARGET = 14.4;
				MTL_ENABLE_DEBUG_INFO = NO;
				MTL_FAST_MATH = YES;
				SDKROOT = iphoneos;
				SWIFT_COMPILATION_MODE = wholemodule;
				SWIFT_OPTIMIZATION_LEVEL = "-O";
				VALIDATE_PRODUCT = YES;
			};
			name = Release;
		};
		21C0E34D25E8D2F30015C609 /* Debug */ = {
			isa = XCBuildConfiguration;
			buildSettings = {
				ASSETCATALOG_COMPILER_APPICON_NAME = AppIcon;
				ASSETCATALOG_COMPILER_GLOBAL_ACCENT_COLOR_NAME = AccentColor;
				CODE_SIGN_STYLE = Automatic;
				CURRENT_PROJECT_VERSION = 33;
				DEVELOPMENT_ASSET_PATHS = "\"sk2/Preview Content\"";
				DEVELOPMENT_TEAM = 2NL9698ZUX;
				ENABLE_PREVIEWS = YES;
				INFOPLIST_FILE = sk2/Info.plist;
				IPHONEOS_DEPLOYMENT_TARGET = 14.0;
				LD_RUNPATH_SEARCH_PATHS = (
					"$(inherited)",
					"@executable_path/Frameworks",
				);
				MARKETING_VERSION = 2.0.3;
				PRODUCT_BUNDLE_IDENTIFIER = jp.ac.ryukoku.sk2;
				PRODUCT_NAME = "$(TARGET_NAME)";
				SWIFT_VERSION = 5.0;
				TARGETED_DEVICE_FAMILY = "1,2";
			};
			name = Debug;
		};
		21C0E34E25E8D2F30015C609 /* Release */ = {
			isa = XCBuildConfiguration;
			buildSettings = {
				ASSETCATALOG_COMPILER_APPICON_NAME = AppIcon;
				ASSETCATALOG_COMPILER_GLOBAL_ACCENT_COLOR_NAME = AccentColor;
				CODE_SIGN_STYLE = Automatic;
				CURRENT_PROJECT_VERSION = 33;
				DEVELOPMENT_ASSET_PATHS = "\"sk2/Preview Content\"";
				DEVELOPMENT_TEAM = 2NL9698ZUX;
				ENABLE_PREVIEWS = YES;
				INFOPLIST_FILE = sk2/Info.plist;
				IPHONEOS_DEPLOYMENT_TARGET = 14.0;
				LD_RUNPATH_SEARCH_PATHS = (
					"$(inherited)",
					"@executable_path/Frameworks",
				);
				MARKETING_VERSION = 2.0.3;
				PRODUCT_BUNDLE_IDENTIFIER = jp.ac.ryukoku.sk2;
				PRODUCT_NAME = "$(TARGET_NAME)";
				SWIFT_VERSION = 5.0;
				TARGETED_DEVICE_FAMILY = "1,2";
			};
			name = Release;
		};
/* End XCBuildConfiguration section */

/* Begin XCConfigurationList section */
		21C0E33825E8D2F10015C609 /* Build configuration list for PBXProject "sk2" */ = {
			isa = XCConfigurationList;
			buildConfigurations = (
				21C0E34A25E8D2F30015C609 /* Debug */,
				21C0E34B25E8D2F30015C609 /* Release */,
			);
			defaultConfigurationIsVisible = 0;
			defaultConfigurationName = Release;
		};
		21C0E34C25E8D2F30015C609 /* Build configuration list for PBXNativeTarget "sk2" */ = {
			isa = XCConfigurationList;
			buildConfigurations = (
				21C0E34D25E8D2F30015C609 /* Debug */,
				21C0E34E25E8D2F30015C609 /* Release */,
			);
			defaultConfigurationIsVisible = 0;
			defaultConfigurationName = Release;
		};
/* End XCConfigurationList section */

/* Begin XCRemoteSwiftPackageReference section */
		21C0E36425E8D7F10015C609 /* XCRemoteSwiftPackageReference "KeyboardObserving" */ = {
			isa = XCRemoteSwiftPackageReference;
			repositoryURL = "https://github.com/nickffox/KeyboardObserving";
			requirement = {
				branch = master;
				kind = branch;
			};
		};
/* End XCRemoteSwiftPackageReference section */

/* Begin XCSwiftPackageProductDependency section */
		21C0E36525E8D7F10015C609 /* KeyboardObserving */ = {
			isa = XCSwiftPackageProductDependency;
			package = 21C0E36425E8D7F10015C609 /* XCRemoteSwiftPackageReference "KeyboardObserving" */;
			productName = KeyboardObserving;
		};
/* End XCSwiftPackageProductDependency section */
	};
	rootObject = 21C0E33525E8D2F10015C609 /* Project object */;
}
